
Microsoft Visual Studio Solution File, Format Version 12.00
# Visual Studio 14
VisualStudioVersion = 14.0.24720.0
MinimumVisualStudioVersion = 10.0.40219.1
Project("{2150E333-8FDC-42A3-9474-1A3956D46DE8}") = "(1).ClientSide(客户使用界面)", "(1).ClientSide(客户使用界面)", "{E64B3B5D-B46E-4F12-B065-F2EFA7048CBA}"
EndProject
Project("{2150E333-8FDC-42A3-9474-1A3956D46DE8}") = "(2).ServerSide(服务器端使用界面)", "(2).ServerSide(服务器端使用界面)", "{1D846B76-B5C6-4FC8-A55B-4E2CD18D3CCF}"
EndProject
Project("{2150E333-8FDC-42A3-9474-1A3956D46DE8}") = "3.ServicesLayer(相关服务层)", "3.ServicesLayer(相关服务层)", "{E109F6E5-8BFC-49F8-96E1-255C3D4F752B}"
EndProject
Project("{2150E333-8FDC-42A3-9474-1A3956D46DE8}") = "4.InterFaceLayer(相关接口AP层)", "4.InterFaceLayer(相关接口AP层)", "{8687CF86-111A-4293-82D8-355F802EFE9A}"
EndProject
Project("{2150E333-8FDC-42A3-9474-1A3956D46DE8}") = "5.ModelLayer(实体层)", "5.ModelLayer(实体层)", "{1C3A7B00-A29D-4EFD-8A3B-694EB55AAC12}"
EndProject
Project("{2150E333-8FDC-42A3-9474-1A3956D46DE8}") = "(1).DataBaseModel数据库实体层", "(1).DataBaseModel数据库实体层", "{E955D18E-A0EE-40D6-A441-1C549CE29A7F}"
EndProject
Project("{2150E333-8FDC-42A3-9474-1A3956D46DE8}") = "(2).ViewModel用于与界面交互的层", "(2).ViewModel用于与界面交互的层", "{19414668-BCCE-49D6-81DF-8D0153193B8A}"
EndProject
Project("{2150E333-8FDC-42A3-9474-1A3956D46DE8}") = "(3).数据库实体层与界面实体层转换", "(3).数据库实体层与界面实体层转换", "{2163EF0D-C1E6-4B36-B677-E18757E1D6B9}"
EndProject
Project("{2150E333-8FDC-42A3-9474-1A3956D46DE8}") = "6.DataAccessLayer(数据交互层)", "6.DataAccessLayer(数据交互层)", "{7EF530FF-385C-4AEA-9449-1DD47FA3315D}"
EndProject
Project("{2150E333-8FDC-42A3-9474-1A3956D46DE8}") = "(1).ORM(各种ORM工具)", "(1).ORM(各种ORM工具)", "{B460F896-43BA-4489-BB4E-E13AEF5FCA4C}"
EndProject
Project("{2150E333-8FDC-42A3-9474-1A3956D46DE8}") = "10.CodeCreaterLayer(代码生成层)", "10.CodeCreaterLayer(代码生成层)", "{9D8A5222-BFC3-45FC-8873-7F63695B0ACD}"
EndProject
Project("{2150E333-8FDC-42A3-9474-1A3956D46DE8}") = "(1).EntityCreate(实体生成)", "(1).EntityCreate(实体生成)", "{2BAA140B-7FB3-435F-92E4-9D898AB2974B}"
EndProject
Project("{2150E333-8FDC-42A3-9474-1A3956D46DE8}") = "8.ConfigLayer(相关设置层)", "8.ConfigLayer(相关设置层)", "{3535C5E6-1D71-4633-AF7B-1B61A49DAB9B}"
EndProject
Project("{2150E333-8FDC-42A3-9474-1A3956D46DE8}") = "9.CommonLayer(通用类收集层)", "9.CommonLayer(通用类收集层)", "{8EC735CE-0DA7-499F-A192-2B759A5DF18B}"
EndProject
Project("{2150E333-8FDC-42A3-9474-1A3956D46DE8}") = "12.Tools(相关工具)", "12.Tools(相关工具)", "{1353234F-0590-4268-BC09-DD16FBDCABCE}"
EndProject
Project("{2150E333-8FDC-42A3-9474-1A3956D46DE8}") = "15.Docs(相关文档)", "15.Docs(相关文档)", "{6A35B72C-B78B-4A84-A2EC-5AB11339440C}"
EndProject
Project("{2150E333-8FDC-42A3-9474-1A3956D46DE8}") = "20.Resouse(通用资源)", "20.Resouse(通用资源)", "{657A7BC0-C30C-4D80-AE62-28B2D994EBFA}"
EndProject
Project("{2150E333-8FDC-42A3-9474-1A3956D46DE8}") = "1.WPF客户端", "1.WPF客户端", "{9CCEE74A-65F4-4C8E-A8AF-B04CFD3CB252}"
EndProject
Project("{2150E333-8FDC-42A3-9474-1A3956D46DE8}") = "2.控制台应用客户端", "2.控制台应用客户端", "{0FBAFAE8-FFA9-4E0D-92DB-44A5E1863D73}"
EndProject
Project("{2150E333-8FDC-42A3-9474-1A3956D46DE8}") = "11.UnitTestsLayer(单元测试)", "11.UnitTestsLayer(单元测试)", "{C855FF6F-3A30-412F-B7CC-9523ADCA56D8}"
EndProject
Project("{2150E333-8FDC-42A3-9474-1A3956D46DE8}") = "1.Presentation(展示层)", "1.Presentation(展示层)", "{26F190EA-1812-4373-99B9-243190862B14}"
EndProject
Project("{2150E333-8FDC-42A3-9474-1A3956D46DE8}") = "2.FactoryLayer(工厂加工层)", "2.FactoryLayer(工厂加工层)", "{B2DD8509-3631-4B8F-97B8-C0C8CFF94382}"
EndProject
Project("{2150E333-8FDC-42A3-9474-1A3956D46DE8}") = "7.CahcheLayer(缓存应用层)", "7.CahcheLayer(缓存应用层)", "{BEF90B8A-F9F1-4D64-9928-5D908BB7D30F}"
EndProject
Project("{2150E333-8FDC-42A3-9474-1A3956D46DE8}") = "3.Web", "3.Web", "{CDCE72F3-4871-4994-9180-47136A806DC9}"
EndProject
Project("{2150E333-8FDC-42A3-9474-1A3956D46DE8}") = "1.WPF客户端", "1.WPF客户端", "{EB5E2D56-9997-4F6F-A75E-3AEB3D0CAA9C}"
EndProject
Project("{2150E333-8FDC-42A3-9474-1A3956D46DE8}") = "2.控制台应用", "2.控制台应用", "{ABE652A8-D3E2-4ECE-8729-D255D258A34D}"
EndProject
Project("{2150E333-8FDC-42A3-9474-1A3956D46DE8}") = "3.Web", "3.Web", "{FE1540F3-4E9D-4363-86BF-DB737D773ABB}"
EndProject
Project("{2150E333-8FDC-42A3-9474-1A3956D46DE8}") = "(2).Dos.Tools", "(2).Dos.Tools", "{D43F5E8C-27F9-48A5-8CFB-2BDD34660219}"
EndProject
Project("{2150E333-8FDC-42A3-9474-1A3956D46DE8}") = "(3).EFORM", "(3).EFORM", "{4E7B1C5F-93A0-4765-90A0-4B69FB6BF0F5}"
EndProject
Project("{2150E333-8FDC-42A3-9474-1A3956D46DE8}") = "13.ORMLyaer(实体与模型映射层)", "13.ORMLyaer(实体与模型映射层)", "{8D029934-FAD4-4175-BFE9-27463A3F5D20}"
EndProject
Project("{2150E333-8FDC-42A3-9474-1A3956D46DE8}") = "(1).常用类库", "(1).常用类库", "{D7083486-C322-4A5F-B678-B07DB5E58181}"
EndProject
Project("{2150E333-8FDC-42A3-9474-1A3956D46DE8}") = "(1)Dos.ORM", "(1)Dos.ORM", "{CD1E7E04-9837-4CB0-9326-1B40DC874AC3}"
EndProject
Project("{FAE04EC0-301F-11D3-BF4B-00C04F79EFBC}") = "Dos.Tools", "Dos.Tools\Dos.Tools.csproj", "{F073175B-8B7A-4EFB-AD8C-8F8CBB4133A4}"
EndProject
Project("{FAE04EC0-301F-11D3-BF4B-00C04F79EFBC}") = "Dos.Common", "Dos.Common\Dos.Common.csproj", "{B9FEF835-EC96-4314-A77D-FFFEA7C43BEE}"
EndProject
Project("{FAE04EC0-301F-11D3-BF4B-00C04F79EFBC}") = "Dos.ORM", "Dos.ORM\Dos.ORM.csproj", "{4BEF1983-F275-4807-96EA-25B973BD6E94}"
EndProject
Project("{FAE04EC0-301F-11D3-BF4B-00C04F79EFBC}") = "XgxFrameWork.CacheLayer.RedisCacheManager", "RedisCacheManager\XgxFrameWork.CacheLayer.RedisCacheManager.csproj", "{1726F0D9-2951-41FE-B4D4-9050E358A162}"
EndProject
Project("{2150E333-8FDC-42A3-9474-1A3956D46DE8}") = "(3).Console(控制台程序)", "(3).Console(控制台程序)", "{038D77B4-7703-4A28-AB0F-51105ABF343B}"
EndProject
Project("{FAE04EC0-301F-11D3-BF4B-00C04F79EFBC}") = "XgxFrameWork.Presentation.Client.ConsoleUI", "XgxFrameWork.Presentation.Client.Console\XgxFrameWork.Presentation.Client.ConsoleUI.csproj", "{1550073B-34AF-47B6-B10E-FB2C0683DC4B}"
EndProject
Project("{FAE04EC0-301F-11D3-BF4B-00C04F79EFBC}") = "dnug-bern.ch", "dnug-bern.ch\dnug-bern.ch.csproj", "{677755E6-24FA-419F-95CA-D862EE2C3BA6}"
EndProject
Global
	GlobalSection(SolutionConfigurationPlatforms) = preSolution
		Debug|Any CPU = Debug|Any CPU
		Debug|ARM = Debug|ARM
		Debug|x64 = Debug|x64
		Debug|x86 = Debug|x86
		MonoTouch|Any CPU = MonoTouch|Any CPU
		MonoTouch|ARM = MonoTouch|ARM
		MonoTouch|x64 = MonoTouch|x64
		MonoTouch|x86 = MonoTouch|x86
		Release|Any CPU = Release|Any CPU
		Release|ARM = Release|ARM
		Release|x64 = Release|x64
		Release|x86 = Release|x86
		Signed|Any CPU = Signed|Any CPU
		Signed|ARM = Signed|ARM
		Signed|x64 = Signed|x64
		Signed|x86 = Signed|x86
		STATIC_ONLY NO_EXPRESSIONS|Any CPU = STATIC_ONLY NO_EXPRESSIONS|Any CPU
		STATIC_ONLY NO_EXPRESSIONS|ARM = STATIC_ONLY NO_EXPRESSIONS|ARM
		STATIC_ONLY NO_EXPRESSIONS|x64 = STATIC_ONLY NO_EXPRESSIONS|x64
		STATIC_ONLY NO_EXPRESSIONS|x86 = STATIC_ONLY NO_EXPRESSIONS|x86
	EndGlobalSection
	GlobalSection(ProjectConfigurationPlatforms) = postSolution
		{F073175B-8B7A-4EFB-AD8C-8F8CBB4133A4}.Debug|Any CPU.ActiveCfg = Debug|Any CPU
		{F073175B-8B7A-4EFB-AD8C-8F8CBB4133A4}.Debug|Any CPU.Build.0 = Debug|Any CPU
		{F073175B-8B7A-4EFB-AD8C-8F8CBB4133A4}.Debug|ARM.ActiveCfg = Debug|Any CPU
		{F073175B-8B7A-4EFB-AD8C-8F8CBB4133A4}.Debug|ARM.Build.0 = Debug|Any CPU
		{F073175B-8B7A-4EFB-AD8C-8F8CBB4133A4}.Debug|x64.ActiveCfg = Debug|Any CPU
		{F073175B-8B7A-4EFB-AD8C-8F8CBB4133A4}.Debug|x64.Build.0 = Debug|Any CPU
		{F073175B-8B7A-4EFB-AD8C-8F8CBB4133A4}.Debug|x86.ActiveCfg = Debug|Any CPU
		{F073175B-8B7A-4EFB-AD8C-8F8CBB4133A4}.Debug|x86.Build.0 = Debug|Any CPU
		{F073175B-8B7A-4EFB-AD8C-8F8CBB4133A4}.MonoTouch|Any CPU.ActiveCfg = Release|Any CPU
		{F073175B-8B7A-4EFB-AD8C-8F8CBB4133A4}.MonoTouch|Any CPU.Build.0 = Release|Any CPU
		{F073175B-8B7A-4EFB-AD8C-8F8CBB4133A4}.MonoTouch|ARM.ActiveCfg = Release|Any CPU
		{F073175B-8B7A-4EFB-AD8C-8F8CBB4133A4}.MonoTouch|ARM.Build.0 = Release|Any CPU
		{F073175B-8B7A-4EFB-AD8C-8F8CBB4133A4}.MonoTouch|x64.ActiveCfg = Release|Any CPU
		{F073175B-8B7A-4EFB-AD8C-8F8CBB4133A4}.MonoTouch|x64.Build.0 = Release|Any CPU
		{F073175B-8B7A-4EFB-AD8C-8F8CBB4133A4}.MonoTouch|x86.ActiveCfg = Release|Any CPU
		{F073175B-8B7A-4EFB-AD8C-8F8CBB4133A4}.MonoTouch|x86.Build.0 = Release|Any CPU
		{F073175B-8B7A-4EFB-AD8C-8F8CBB4133A4}.Release|Any CPU.ActiveCfg = Release|Any CPU
		{F073175B-8B7A-4EFB-AD8C-8F8CBB4133A4}.Release|Any CPU.Build.0 = Release|Any CPU
		{F073175B-8B7A-4EFB-AD8C-8F8CBB4133A4}.Release|ARM.ActiveCfg = Release|Any CPU
		{F073175B-8B7A-4EFB-AD8C-8F8CBB4133A4}.Release|ARM.Build.0 = Release|Any CPU
		{F073175B-8B7A-4EFB-AD8C-8F8CBB4133A4}.Release|x64.ActiveCfg = Release|Any CPU
		{F073175B-8B7A-4EFB-AD8C-8F8CBB4133A4}.Release|x64.Build.0 = Release|Any CPU
		{F073175B-8B7A-4EFB-AD8C-8F8CBB4133A4}.Release|x86.ActiveCfg = Release|Any CPU
		{F073175B-8B7A-4EFB-AD8C-8F8CBB4133A4}.Release|x86.Build.0 = Release|Any CPU
		{F073175B-8B7A-4EFB-AD8C-8F8CBB4133A4}.Signed|Any CPU.ActiveCfg = Release|Any CPU
		{F073175B-8B7A-4EFB-AD8C-8F8CBB4133A4}.Signed|Any CPU.Build.0 = Release|Any CPU
		{F073175B-8B7A-4EFB-AD8C-8F8CBB4133A4}.Signed|ARM.ActiveCfg = Release|Any CPU
		{F073175B-8B7A-4EFB-AD8C-8F8CBB4133A4}.Signed|ARM.Build.0 = Release|Any CPU
		{F073175B-8B7A-4EFB-AD8C-8F8CBB4133A4}.Signed|x64.ActiveCfg = Release|Any CPU
		{F073175B-8B7A-4EFB-AD8C-8F8CBB4133A4}.Signed|x64.Build.0 = Release|Any CPU
		{F073175B-8B7A-4EFB-AD8C-8F8CBB4133A4}.Signed|x86.ActiveCfg = Release|Any CPU
		{F073175B-8B7A-4EFB-AD8C-8F8CBB4133A4}.Signed|x86.Build.0 = Release|Any CPU
		{F073175B-8B7A-4EFB-AD8C-8F8CBB4133A4}.STATIC_ONLY NO_EXPRESSIONS|Any CPU.ActiveCfg = Release|Any CPU
		{F073175B-8B7A-4EFB-AD8C-8F8CBB4133A4}.STATIC_ONLY NO_EXPRESSIONS|Any CPU.Build.0 = Release|Any CPU
		{F073175B-8B7A-4EFB-AD8C-8F8CBB4133A4}.STATIC_ONLY NO_EXPRESSIONS|ARM.ActiveCfg = Release|Any CPU
		{F073175B-8B7A-4EFB-AD8C-8F8CBB4133A4}.STATIC_ONLY NO_EXPRESSIONS|ARM.Build.0 = Release|Any CPU
		{F073175B-8B7A-4EFB-AD8C-8F8CBB4133A4}.STATIC_ONLY NO_EXPRESSIONS|x64.ActiveCfg = Release|Any CPU
		{F073175B-8B7A-4EFB-AD8C-8F8CBB4133A4}.STATIC_ONLY NO_EXPRESSIONS|x64.Build.0 = Release|Any CPU
		{F073175B-8B7A-4EFB-AD8C-8F8CBB4133A4}.STATIC_ONLY NO_EXPRESSIONS|x86.ActiveCfg = Release|Any CPU
		{F073175B-8B7A-4EFB-AD8C-8F8CBB4133A4}.STATIC_ONLY NO_EXPRESSIONS|x86.Build.0 = Release|Any CPU
		{B9FEF835-EC96-4314-A77D-FFFEA7C43BEE}.Debug|Any CPU.ActiveCfg = Debug|Any CPU
		{B9FEF835-EC96-4314-A77D-FFFEA7C43BEE}.Debug|Any CPU.Build.0 = Debug|Any CPU
		{B9FEF835-EC96-4314-A77D-FFFEA7C43BEE}.Debug|ARM.ActiveCfg = Debug|Any CPU
		{B9FEF835-EC96-4314-A77D-FFFEA7C43BEE}.Debug|ARM.Build.0 = Debug|Any CPU
		{B9FEF835-EC96-4314-A77D-FFFEA7C43BEE}.Debug|x64.ActiveCfg = Debug|Any CPU
		{B9FEF835-EC96-4314-A77D-FFFEA7C43BEE}.Debug|x64.Build.0 = Debug|Any CPU
		{B9FEF835-EC96-4314-A77D-FFFEA7C43BEE}.Debug|x86.ActiveCfg = Debug|Any CPU
		{B9FEF835-EC96-4314-A77D-FFFEA7C43BEE}.Debug|x86.Build.0 = Debug|Any CPU
		{B9FEF835-EC96-4314-A77D-FFFEA7C43BEE}.MonoTouch|Any CPU.ActiveCfg = Release|Any CPU
		{B9FEF835-EC96-4314-A77D-FFFEA7C43BEE}.MonoTouch|Any CPU.Build.0 = Release|Any CPU
		{B9FEF835-EC96-4314-A77D-FFFEA7C43BEE}.MonoTouch|ARM.ActiveCfg = Release|Any CPU
		{B9FEF835-EC96-4314-A77D-FFFEA7C43BEE}.MonoTouch|ARM.Build.0 = Release|Any CPU
		{B9FEF835-EC96-4314-A77D-FFFEA7C43BEE}.MonoTouch|x64.ActiveCfg = Release|Any CPU
		{B9FEF835-EC96-4314-A77D-FFFEA7C43BEE}.MonoTouch|x64.Build.0 = Release|Any CPU
		{B9FEF835-EC96-4314-A77D-FFFEA7C43BEE}.MonoTouch|x86.ActiveCfg = Release|Any CPU
		{B9FEF835-EC96-4314-A77D-FFFEA7C43BEE}.MonoTouch|x86.Build.0 = Release|Any CPU
		{B9FEF835-EC96-4314-A77D-FFFEA7C43BEE}.Release|Any CPU.ActiveCfg = Release|Any CPU
		{B9FEF835-EC96-4314-A77D-FFFEA7C43BEE}.Release|Any CPU.Build.0 = Release|Any CPU
		{B9FEF835-EC96-4314-A77D-FFFEA7C43BEE}.Release|ARM.ActiveCfg = Release|Any CPU
		{B9FEF835-EC96-4314-A77D-FFFEA7C43BEE}.Release|ARM.Build.0 = Release|Any CPU
		{B9FEF835-EC96-4314-A77D-FFFEA7C43BEE}.Release|x64.ActiveCfg = Release|Any CPU
		{B9FEF835-EC96-4314-A77D-FFFEA7C43BEE}.Release|x64.Build.0 = Release|Any CPU
		{B9FEF835-EC96-4314-A77D-FFFEA7C43BEE}.Release|x86.ActiveCfg = Release|Any CPU
		{B9FEF835-EC96-4314-A77D-FFFEA7C43BEE}.Release|x86.Build.0 = Release|Any CPU
		{B9FEF835-EC96-4314-A77D-FFFEA7C43BEE}.Signed|Any CPU.ActiveCfg = Release|Any CPU
		{B9FEF835-EC96-4314-A77D-FFFEA7C43BEE}.Signed|Any CPU.Build.0 = Release|Any CPU
		{B9FEF835-EC96-4314-A77D-FFFEA7C43BEE}.Signed|ARM.ActiveCfg = Release|Any CPU
		{B9FEF835-EC96-4314-A77D-FFFEA7C43BEE}.Signed|ARM.Build.0 = Release|Any CPU
		{B9FEF835-EC96-4314-A77D-FFFEA7C43BEE}.Signed|x64.ActiveCfg = Release|Any CPU
		{B9FEF835-EC96-4314-A77D-FFFEA7C43BEE}.Signed|x64.Build.0 = Release|Any CPU
		{B9FEF835-EC96-4314-A77D-FFFEA7C43BEE}.Signed|x86.ActiveCfg = Release|Any CPU
		{B9FEF835-EC96-4314-A77D-FFFEA7C43BEE}.Signed|x86.Build.0 = Release|Any CPU
		{B9FEF835-EC96-4314-A77D-FFFEA7C43BEE}.STATIC_ONLY NO_EXPRESSIONS|Any CPU.ActiveCfg = Release|Any CPU
		{B9FEF835-EC96-4314-A77D-FFFEA7C43BEE}.STATIC_ONLY NO_EXPRESSIONS|Any CPU.Build.0 = Release|Any CPU
		{B9FEF835-EC96-4314-A77D-FFFEA7C43BEE}.STATIC_ONLY NO_EXPRESSIONS|ARM.ActiveCfg = Release|Any CPU
		{B9FEF835-EC96-4314-A77D-FFFEA7C43BEE}.STATIC_ONLY NO_EXPRESSIONS|ARM.Build.0 = Release|Any CPU
		{B9FEF835-EC96-4314-A77D-FFFEA7C43BEE}.STATIC_ONLY NO_EXPRESSIONS|x64.ActiveCfg = Release|Any CPU
		{B9FEF835-EC96-4314-A77D-FFFEA7C43BEE}.STATIC_ONLY NO_EXPRESSIONS|x64.Build.0 = Release|Any CPU
		{B9FEF835-EC96-4314-A77D-FFFEA7C43BEE}.STATIC_ONLY NO_EXPRESSIONS|x86.ActiveCfg = Release|Any CPU
		{B9FEF835-EC96-4314-A77D-FFFEA7C43BEE}.STATIC_ONLY NO_EXPRESSIONS|x86.Build.0 = Release|Any CPU
		{4BEF1983-F275-4807-96EA-25B973BD6E94}.Debug|Any CPU.ActiveCfg = Debug|Any CPU
		{4BEF1983-F275-4807-96EA-25B973BD6E94}.Debug|Any CPU.Build.0 = Debug|Any CPU
		{4BEF1983-F275-4807-96EA-25B973BD6E94}.Debug|ARM.ActiveCfg = Debug|Any CPU
		{4BEF1983-F275-4807-96EA-25B973BD6E94}.Debug|ARM.Build.0 = Debug|Any CPU
		{4BEF1983-F275-4807-96EA-25B973BD6E94}.Debug|x64.ActiveCfg = Debug|Any CPU
		{4BEF1983-F275-4807-96EA-25B973BD6E94}.Debug|x64.Build.0 = Debug|Any CPU
		{4BEF1983-F275-4807-96EA-25B973BD6E94}.Debug|x86.ActiveCfg = Debug|Any CPU
		{4BEF1983-F275-4807-96EA-25B973BD6E94}.Debug|x86.Build.0 = Debug|Any CPU
		{4BEF1983-F275-4807-96EA-25B973BD6E94}.MonoTouch|Any CPU.ActiveCfg = Release|Any CPU
		{4BEF1983-F275-4807-96EA-25B973BD6E94}.MonoTouch|Any CPU.Build.0 = Release|Any CPU
		{4BEF1983-F275-4807-96EA-25B973BD6E94}.MonoTouch|ARM.ActiveCfg = Release|Any CPU
		{4BEF1983-F275-4807-96EA-25B973BD6E94}.MonoTouch|ARM.Build.0 = Release|Any CPU
		{4BEF1983-F275-4807-96EA-25B973BD6E94}.MonoTouch|x64.ActiveCfg = Release|Any CPU
		{4BEF1983-F275-4807-96EA-25B973BD6E94}.MonoTouch|x64.Build.0 = Release|Any CPU
		{4BEF1983-F275-4807-96EA-25B973BD6E94}.MonoTouch|x86.ActiveCfg = Release|Any CPU
		{4BEF1983-F275-4807-96EA-25B973BD6E94}.MonoTouch|x86.Build.0 = Release|Any CPU
		{4BEF1983-F275-4807-96EA-25B973BD6E94}.Release|Any CPU.ActiveCfg = Release|Any CPU
		{4BEF1983-F275-4807-96EA-25B973BD6E94}.Release|Any CPU.Build.0 = Release|Any CPU
		{4BEF1983-F275-4807-96EA-25B973BD6E94}.Release|ARM.ActiveCfg = Release|Any CPU
		{4BEF1983-F275-4807-96EA-25B973BD6E94}.Release|ARM.Build.0 = Release|Any CPU
		{4BEF1983-F275-4807-96EA-25B973BD6E94}.Release|x64.ActiveCfg = Release|Any CPU
		{4BEF1983-F275-4807-96EA-25B973BD6E94}.Release|x64.Build.0 = Release|Any CPU
		{4BEF1983-F275-4807-96EA-25B973BD6E94}.Release|x86.ActiveCfg = Release|Any CPU
		{4BEF1983-F275-4807-96EA-25B973BD6E94}.Release|x86.Build.0 = Release|Any CPU
		{4BEF1983-F275-4807-96EA-25B973BD6E94}.Signed|Any CPU.ActiveCfg = Release|Any CPU
		{4BEF1983-F275-4807-96EA-25B973BD6E94}.Signed|Any CPU.Build.0 = Release|Any CPU
		{4BEF1983-F275-4807-96EA-25B973BD6E94}.Signed|ARM.ActiveCfg = Release|Any CPU
		{4BEF1983-F275-4807-96EA-25B973BD6E94}.Signed|ARM.Build.0 = Release|Any CPU
		{4BEF1983-F275-4807-96EA-25B973BD6E94}.Signed|x64.ActiveCfg = Release|Any CPU
		{4BEF1983-F275-4807-96EA-25B973BD6E94}.Signed|x64.Build.0 = Release|Any CPU
		{4BEF1983-F275-4807-96EA-25B973BD6E94}.Signed|x86.ActiveCfg = Release|Any CPU
		{4BEF1983-F275-4807-96EA-25B973BD6E94}.Signed|x86.Build.0 = Release|Any CPU
		{4BEF1983-F275-4807-96EA-25B973BD6E94}.STATIC_ONLY NO_EXPRESSIONS|Any CPU.ActiveCfg = Release|Any CPU
		{4BEF1983-F275-4807-96EA-25B973BD6E94}.STATIC_ONLY NO_EXPRESSIONS|Any CPU.Build.0 = Release|Any CPU
		{4BEF1983-F275-4807-96EA-25B973BD6E94}.STATIC_ONLY NO_EXPRESSIONS|ARM.ActiveCfg = Release|Any CPU
		{4BEF1983-F275-4807-96EA-25B973BD6E94}.STATIC_ONLY NO_EXPRESSIONS|ARM.Build.0 = Release|Any CPU
		{4BEF1983-F275-4807-96EA-25B973BD6E94}.STATIC_ONLY NO_EXPRESSIONS|x64.ActiveCfg = Release|Any CPU
		{4BEF1983-F275-4807-96EA-25B973BD6E94}.STATIC_ONLY NO_EXPRESSIONS|x64.Build.0 = Release|Any CPU
		{4BEF1983-F275-4807-96EA-25B973BD6E94}.STATIC_ONLY NO_EXPRESSIONS|x86.ActiveCfg = Release|Any CPU
		{4BEF1983-F275-4807-96EA-25B973BD6E94}.STATIC_ONLY NO_EXPRESSIONS|x86.Build.0 = Release|Any CPU
		{1726F0D9-2951-41FE-B4D4-9050E358A162}.Debug|Any CPU.ActiveCfg = Debug|Any CPU
		{1726F0D9-2951-41FE-B4D4-9050E358A162}.Debug|Any CPU.Build.0 = Debug|Any CPU
		{1726F0D9-2951-41FE-B4D4-9050E358A162}.Debug|ARM.ActiveCfg = Debug|Any CPU
		{1726F0D9-2951-41FE-B4D4-9050E358A162}.Debug|ARM.Build.0 = Debug|Any CPU
		{1726F0D9-2951-41FE-B4D4-9050E358A162}.Debug|x64.ActiveCfg = Debug|Any CPU
		{1726F0D9-2951-41FE-B4D4-9050E358A162}.Debug|x64.Build.0 = Debug|Any CPU
		{1726F0D9-2951-41FE-B4D4-9050E358A162}.Debug|x86.ActiveCfg = Debug|Any CPU
		{1726F0D9-2951-41FE-B4D4-9050E358A162}.Debug|x86.Build.0 = Debug|Any CPU
		{1726F0D9-2951-41FE-B4D4-9050E358A162}.MonoTouch|Any CPU.ActiveCfg = Release|Any CPU
		{1726F0D9-2951-41FE-B4D4-9050E358A162}.MonoTouch|Any CPU.Build.0 = Release|Any CPU
		{1726F0D9-2951-41FE-B4D4-9050E358A162}.MonoTouch|ARM.ActiveCfg = Release|Any CPU
		{1726F0D9-2951-41FE-B4D4-9050E358A162}.MonoTouch|ARM.Build.0 = Release|Any CPU
		{1726F0D9-2951-41FE-B4D4-9050E358A162}.MonoTouch|x64.ActiveCfg = Release|Any CPU
		{1726F0D9-2951-41FE-B4D4-9050E358A162}.MonoTouch|x64.Build.0 = Release|Any CPU
		{1726F0D9-2951-41FE-B4D4-9050E358A162}.MonoTouch|x86.ActiveCfg = Release|Any CPU
		{1726F0D9-2951-41FE-B4D4-9050E358A162}.MonoTouch|x86.Build.0 = Release|Any CPU
		{1726F0D9-2951-41FE-B4D4-9050E358A162}.Release|Any CPU.ActiveCfg = Release|Any CPU
		{1726F0D9-2951-41FE-B4D4-9050E358A162}.Release|Any CPU.Build.0 = Release|Any CPU
		{1726F0D9-2951-41FE-B4D4-9050E358A162}.Release|ARM.ActiveCfg = Release|Any CPU
		{1726F0D9-2951-41FE-B4D4-9050E358A162}.Release|ARM.Build.0 = Release|Any CPU
		{1726F0D9-2951-41FE-B4D4-9050E358A162}.Release|x64.ActiveCfg = Release|Any CPU
		{1726F0D9-2951-41FE-B4D4-9050E358A162}.Release|x64.Build.0 = Release|Any CPU
		{1726F0D9-2951-41FE-B4D4-9050E358A162}.Release|x86.ActiveCfg = Release|Any CPU
		{1726F0D9-2951-41FE-B4D4-9050E358A162}.Release|x86.Build.0 = Release|Any CPU
		{1726F0D9-2951-41FE-B4D4-9050E358A162}.Signed|Any CPU.ActiveCfg = Release|Any CPU
		{1726F0D9-2951-41FE-B4D4-9050E358A162}.Signed|Any CPU.Build.0 = Release|Any CPU
		{1726F0D9-2951-41FE-B4D4-9050E358A162}.Signed|ARM.ActiveCfg = Release|Any CPU
		{1726F0D9-2951-41FE-B4D4-9050E358A162}.Signed|ARM.Build.0 = Release|Any CPU
		{1726F0D9-2951-41FE-B4D4-9050E358A162}.Signed|x64.ActiveCfg = Release|Any CPU
		{1726F0D9-2951-41FE-B4D4-9050E358A162}.Signed|x64.Build.0 = Release|Any CPU
		{1726F0D9-2951-41FE-B4D4-9050E358A162}.Signed|x86.ActiveCfg = Release|Any CPU
		{1726F0D9-2951-41FE-B4D4-9050E358A162}.Signed|x86.Build.0 = Release|Any CPU
		{1726F0D9-2951-41FE-B4D4-9050E358A162}.STATIC_ONLY NO_EXPRESSIONS|Any CPU.ActiveCfg = Release|Any CPU
		{1726F0D9-2951-41FE-B4D4-9050E358A162}.STATIC_ONLY NO_EXPRESSIONS|Any CPU.Build.0 = Release|Any CPU
		{1726F0D9-2951-41FE-B4D4-9050E358A162}.STATIC_ONLY NO_EXPRESSIONS|ARM.ActiveCfg = Release|Any CPU
		{1726F0D9-2951-41FE-B4D4-9050E358A162}.STATIC_ONLY NO_EXPRESSIONS|ARM.Build.0 = Release|Any CPU
		{1726F0D9-2951-41FE-B4D4-9050E358A162}.STATIC_ONLY NO_EXPRESSIONS|x64.ActiveCfg = Release|Any CPU
		{1726F0D9-2951-41FE-B4D4-9050E358A162}.STATIC_ONLY NO_EXPRESSIONS|x64.Build.0 = Release|Any CPU
		{1726F0D9-2951-41FE-B4D4-9050E358A162}.STATIC_ONLY NO_EXPRESSIONS|x86.ActiveCfg = Release|Any CPU
		{1726F0D9-2951-41FE-B4D4-9050E358A162}.STATIC_ONLY NO_EXPRESSIONS|x86.Build.0 = Release|Any CPU
		{1550073B-34AF-47B6-B10E-FB2C0683DC4B}.Debug|Any CPU.ActiveCfg = Debug|Any CPU
		{1550073B-34AF-47B6-B10E-FB2C0683DC4B}.Debug|Any CPU.Build.0 = Debug|Any CPU
		{1550073B-34AF-47B6-B10E-FB2C0683DC4B}.Debug|ARM.ActiveCfg = Debug|Any CPU
		{1550073B-34AF-47B6-B10E-FB2C0683DC4B}.Debug|ARM.Build.0 = Debug|Any CPU
		{1550073B-34AF-47B6-B10E-FB2C0683DC4B}.Debug|x64.ActiveCfg = Debug|Any CPU
		{1550073B-34AF-47B6-B10E-FB2C0683DC4B}.Debug|x64.Build.0 = Debug|Any CPU
		{1550073B-34AF-47B6-B10E-FB2C0683DC4B}.Debug|x86.ActiveCfg = Debug|Any CPU
		{1550073B-34AF-47B6-B10E-FB2C0683DC4B}.Debug|x86.Build.0 = Debug|Any CPU
		{1550073B-34AF-47B6-B10E-FB2C0683DC4B}.MonoTouch|Any CPU.ActiveCfg = Release|Any CPU
		{1550073B-34AF-47B6-B10E-FB2C0683DC4B}.MonoTouch|Any CPU.Build.0 = Release|Any CPU
		{1550073B-34AF-47B6-B10E-FB2C0683DC4B}.MonoTouch|ARM.ActiveCfg = Release|Any CPU
		{1550073B-34AF-47B6-B10E-FB2C0683DC4B}.MonoTouch|ARM.Build.0 = Release|Any CPU
		{1550073B-34AF-47B6-B10E-FB2C0683DC4B}.MonoTouch|x64.ActiveCfg = Release|Any CPU
		{1550073B-34AF-47B6-B10E-FB2C0683DC4B}.MonoTouch|x64.Build.0 = Release|Any CPU
		{1550073B-34AF-47B6-B10E-FB2C0683DC4B}.MonoTouch|x86.ActiveCfg = Release|Any CPU
		{1550073B-34AF-47B6-B10E-FB2C0683DC4B}.MonoTouch|x86.Build.0 = Release|Any CPU
		{1550073B-34AF-47B6-B10E-FB2C0683DC4B}.Release|Any CPU.ActiveCfg = Release|Any CPU
		{1550073B-34AF-47B6-B10E-FB2C0683DC4B}.Release|Any CPU.Build.0 = Release|Any CPU
		{1550073B-34AF-47B6-B10E-FB2C0683DC4B}.Release|ARM.ActiveCfg = Release|Any CPU
		{1550073B-34AF-47B6-B10E-FB2C0683DC4B}.Release|ARM.Build.0 = Release|Any CPU
		{1550073B-34AF-47B6-B10E-FB2C0683DC4B}.Release|x64.ActiveCfg = Release|Any CPU
		{1550073B-34AF-47B6-B10E-FB2C0683DC4B}.Release|x64.Build.0 = Release|Any CPU
		{1550073B-34AF-47B6-B10E-FB2C0683DC4B}.Release|x86.ActiveCfg = Release|Any CPU
		{1550073B-34AF-47B6-B10E-FB2C0683DC4B}.Release|x86.Build.0 = Release|Any CPU
		{1550073B-34AF-47B6-B10E-FB2C0683DC4B}.Signed|Any CPU.ActiveCfg = Release|Any CPU
		{1550073B-34AF-47B6-B10E-FB2C0683DC4B}.Signed|Any CPU.Build.0 = Release|Any CPU
		{1550073B-34AF-47B6-B10E-FB2C0683DC4B}.Signed|ARM.ActiveCfg = Release|Any CPU
		{1550073B-34AF-47B6-B10E-FB2C0683DC4B}.Signed|ARM.Build.0 = Release|Any CPU
		{1550073B-34AF-47B6-B10E-FB2C0683DC4B}.Signed|x64.ActiveCfg = Release|Any CPU
		{1550073B-34AF-47B6-B10E-FB2C0683DC4B}.Signed|x64.Build.0 = Release|Any CPU
		{1550073B-34AF-47B6-B10E-FB2C0683DC4B}.Signed|x86.ActiveCfg = Release|Any CPU
		{1550073B-34AF-47B6-B10E-FB2C0683DC4B}.Signed|x86.Build.0 = Release|Any CPU
		{1550073B-34AF-47B6-B10E-FB2C0683DC4B}.STATIC_ONLY NO_EXPRESSIONS|Any CPU.ActiveCfg = Release|Any CPU
		{1550073B-34AF-47B6-B10E-FB2C0683DC4B}.STATIC_ONLY NO_EXPRESSIONS|Any CPU.Build.0 = Release|Any CPU
		{1550073B-34AF-47B6-B10E-FB2C0683DC4B}.STATIC_ONLY NO_EXPRESSIONS|ARM.ActiveCfg = Release|Any CPU
		{1550073B-34AF-47B6-B10E-FB2C0683DC4B}.STATIC_ONLY NO_EXPRESSIONS|ARM.Build.0 = Release|Any CPU
		{1550073B-34AF-47B6-B10E-FB2C0683DC4B}.STATIC_ONLY NO_EXPRESSIONS|x64.ActiveCfg = Release|Any CPU
		{1550073B-34AF-47B6-B10E-FB2C0683DC4B}.STATIC_ONLY NO_EXPRESSIONS|x64.Build.0 = Release|Any CPU
		{1550073B-34AF-47B6-B10E-FB2C0683DC4B}.STATIC_ONLY NO_EXPRESSIONS|x86.ActiveCfg = Release|Any CPU
		{1550073B-34AF-47B6-B10E-FB2C0683DC4B}.STATIC_ONLY NO_EXPRESSIONS|x86.Build.0 = Release|Any CPU
		{677755E6-24FA-419F-95CA-D862EE2C3BA6}.Debug|Any CPU.ActiveCfg = Debug|Any CPU
		{677755E6-24FA-419F-95CA-D862EE2C3BA6}.Debug|Any CPU.Build.0 = Debug|Any CPU
		{677755E6-24FA-419F-95CA-D862EE2C3BA6}.Debug|ARM.ActiveCfg = Debug|ARM
		{677755E6-24FA-419F-95CA-D862EE2C3BA6}.Debug|ARM.Build.0 = Debug|ARM
		{677755E6-24FA-419F-95CA-D862EE2C3BA6}.Debug|x64.ActiveCfg = Debug|x64
		{677755E6-24FA-419F-95CA-D862EE2C3BA6}.Debug|x64.Build.0 = Debug|x64
		{677755E6-24FA-419F-95CA-D862EE2C3BA6}.Debug|x86.ActiveCfg = Debug|x86
		{677755E6-24FA-419F-95CA-D862EE2C3BA6}.Debug|x86.Build.0 = Debug|x86
		{677755E6-24FA-419F-95CA-D862EE2C3BA6}.MonoTouch|Any CPU.ActiveCfg = Release|Any CPU
		{677755E6-24FA-419F-95CA-D862EE2C3BA6}.MonoTouch|Any CPU.Build.0 = Release|Any CPU
		{677755E6-24FA-419F-95CA-D862EE2C3BA6}.MonoTouch|ARM.ActiveCfg = Release|ARM
		{677755E6-24FA-419F-95CA-D862EE2C3BA6}.MonoTouch|ARM.Build.0 = Release|ARM
		{677755E6-24FA-419F-95CA-D862EE2C3BA6}.MonoTouch|x64.ActiveCfg = Release|x64
		{677755E6-24FA-419F-95CA-D862EE2C3BA6}.MonoTouch|x64.Build.0 = Release|x64
		{677755E6-24FA-419F-95CA-D862EE2C3BA6}.MonoTouch|x86.ActiveCfg = Release|x86
		{677755E6-24FA-419F-95CA-D862EE2C3BA6}.MonoTouch|x86.Build.0 = Release|x86
		{677755E6-24FA-419F-95CA-D862EE2C3BA6}.Release|Any CPU.ActiveCfg = Release|Any CPU
		{677755E6-24FA-419F-95CA-D862EE2C3BA6}.Release|Any CPU.Build.0 = Release|Any CPU
		{677755E6-24FA-419F-95CA-D862EE2C3BA6}.Release|ARM.ActiveCfg = Release|ARM
		{677755E6-24FA-419F-95CA-D862EE2C3BA6}.Release|ARM.Build.0 = Release|ARM
		{677755E6-24FA-419F-95CA-D862EE2C3BA6}.Release|x64.ActiveCfg = Release|x64
		{677755E6-24FA-419F-95CA-D862EE2C3BA6}.Release|x64.Build.0 = Release|x64
		{677755E6-24FA-419F-95CA-D862EE2C3BA6}.Release|x86.ActiveCfg = Release|x86
		{677755E6-24FA-419F-95CA-D862EE2C3BA6}.Release|x86.Build.0 = Release|x86
		{677755E6-24FA-419F-95CA-D862EE2C3BA6}.Signed|Any CPU.ActiveCfg = Release|Any CPU
		{677755E6-24FA-419F-95CA-D862EE2C3BA6}.Signed|Any CPU.Build.0 = Release|Any CPU
		{677755E6-24FA-419F-95CA-D862EE2C3BA6}.Signed|ARM.ActiveCfg = Release|ARM
		{677755E6-24FA-419F-95CA-D862EE2C3BA6}.Signed|ARM.Build.0 = Release|ARM
		{677755E6-24FA-419F-95CA-D862EE2C3BA6}.Signed|x64.ActiveCfg = Release|x64
		{677755E6-24FA-419F-95CA-D862EE2C3BA6}.Signed|x64.Build.0 = Release|x64
		{677755E6-24FA-419F-95CA-D862EE2C3BA6}.Signed|x86.ActiveCfg = Release|x86
		{677755E6-24FA-419F-95CA-D862EE2C3BA6}.Signed|x86.Build.0 = Release|x86
		{677755E6-24FA-419F-95CA-D862EE2C3BA6}.STATIC_ONLY NO_EXPRESSIONS|Any CPU.ActiveCfg = Release|Any CPU
		{677755E6-24FA-419F-95CA-D862EE2C3BA6}.STATIC_ONLY NO_EXPRESSIONS|Any CPU.Build.0 = Release|Any CPU
		{677755E6-24FA-419F-95CA-D862EE2C3BA6}.STATIC_ONLY NO_EXPRESSIONS|ARM.ActiveCfg = Release|ARM
		{677755E6-24FA-419F-95CA-D862EE2C3BA6}.STATIC_ONLY NO_EXPRESSIONS|ARM.Build.0 = Release|ARM
		{677755E6-24FA-419F-95CA-D862EE2C3BA6}.STATIC_ONLY NO_EXPRESSIONS|x64.ActiveCfg = Release|x64
		{677755E6-24FA-419F-95CA-D862EE2C3BA6}.STATIC_ONLY NO_EXPRESSIONS|x64.Build.0 = Release|x64
		{677755E6-24FA-419F-95CA-D862EE2C3BA6}.STATIC_ONLY NO_EXPRESSIONS|x86.ActiveCfg = Release|x86
		{677755E6-24FA-419F-95CA-D862EE2C3BA6}.STATIC_ONLY NO_EXPRESSIONS|x86.Build.0 = Release|x86
	EndGlobalSection
	GlobalSection(SolutionProperties) = preSolution
		HideSolutionNode = FALSE
	EndGlobalSection
	GlobalSection(NestedProjects) = preSolution
		{E64B3B5D-B46E-4F12-B065-F2EFA7048CBA} = {26F190EA-1812-4373-99B9-243190862B14}
		{1D846B76-B5C6-4FC8-A55B-4E2CD18D3CCF} = {26F190EA-1812-4373-99B9-243190862B14}
		{E955D18E-A0EE-40D6-A441-1C549CE29A7F} = {1C3A7B00-A29D-4EFD-8A3B-694EB55AAC12}
		{19414668-BCCE-49D6-81DF-8D0153193B8A} = {1C3A7B00-A29D-4EFD-8A3B-694EB55AAC12}
		{2163EF0D-C1E6-4B36-B677-E18757E1D6B9} = {1C3A7B00-A29D-4EFD-8A3B-694EB55AAC12}
		{B460F896-43BA-4489-BB4E-E13AEF5FCA4C} = {7EF530FF-385C-4AEA-9449-1DD47FA3315D}
		{2BAA140B-7FB3-435F-92E4-9D898AB2974B} = {9D8A5222-BFC3-45FC-8873-7F63695B0ACD}
		{9CCEE74A-65F4-4C8E-A8AF-B04CFD3CB252} = {E64B3B5D-B46E-4F12-B065-F2EFA7048CBA}
		{0FBAFAE8-FFA9-4E0D-92DB-44A5E1863D73} = {E64B3B5D-B46E-4F12-B065-F2EFA7048CBA}
		{CDCE72F3-4871-4994-9180-47136A806DC9} = {E64B3B5D-B46E-4F12-B065-F2EFA7048CBA}
		{EB5E2D56-9997-4F6F-A75E-3AEB3D0CAA9C} = {1D846B76-B5C6-4FC8-A55B-4E2CD18D3CCF}
		{ABE652A8-D3E2-4ECE-8729-D255D258A34D} = {1D846B76-B5C6-4FC8-A55B-4E2CD18D3CCF}
		{FE1540F3-4E9D-4363-86BF-DB737D773ABB} = {1D846B76-B5C6-4FC8-A55B-4E2CD18D3CCF}
		{D43F5E8C-27F9-48A5-8CFB-2BDD34660219} = {9D8A5222-BFC3-45FC-8873-7F63695B0ACD}
		{4E7B1C5F-93A0-4765-90A0-4B69FB6BF0F5} = {9D8A5222-BFC3-45FC-8873-7F63695B0ACD}
		{D7083486-C322-4A5F-B678-B07DB5E58181} = {8EC735CE-0DA7-499F-A192-2B759A5DF18B}
		{CD1E7E04-9837-4CB0-9326-1B40DC874AC3} = {8D029934-FAD4-4175-BFE9-27463A3F5D20}
		{F073175B-8B7A-4EFB-AD8C-8F8CBB4133A4} = {D43F5E8C-27F9-48A5-8CFB-2BDD34660219}
		{B9FEF835-EC96-4314-A77D-FFFEA7C43BEE} = {8EC735CE-0DA7-499F-A192-2B759A5DF18B}
		{4BEF1983-F275-4807-96EA-25B973BD6E94} = {CD1E7E04-9837-4CB0-9326-1B40DC874AC3}
		{1726F0D9-2951-41FE-B4D4-9050E358A162} = {BEF90B8A-F9F1-4D64-9928-5D908BB7D30F}
		{038D77B4-7703-4A28-AB0F-51105ABF343B} = {26F190EA-1812-4373-99B9-243190862B14}
		{1550073B-34AF-47B6-B10E-FB2C0683DC4B} = {038D77B4-7703-4A28-AB0F-51105ABF343B}
	EndGlobalSection
EndGlobal
